
Microsoft Visual Studio Solution File, Format Version 12.00
# Visual Studio 15
VisualStudioVersion = 15.0.28307.106
MinimumVisualStudioVersion = 10.0.40219.1
Project("{8BC9CEB8-8B4A-11D0-8D11-00A0C91BC942}") = "TimerApp", "TimerApp\TimerApp.vcxproj", "{CC419B99-8380-40EE-93AF-0B8A5C72B6DF}"
EndProject
Global
	GlobalSection(SolutionConfigurationPlatforms) = preSolution
		Debug|x64 = Debug|x64
		Debug|x86 = Debug|x86
		Release|x64 = Release|x64
		Release|x86 = Release|x86
	EndGlobalSection
	GlobalSection(ProjectConfigurationPlatforms) = postSolution
		{CC419B99-8380-40EE-93AF-0B8A5C72B6DF}.Debug|x64.ActiveCfg = Debug|x64
		{CC419B99-8380-40EE-93AF-0B8A5C72B6DF}.Debug|x64.Build.0 = Debug|x64
		{CC419B99-8380-40EE-93AF-0B8A5C72B6DF}.Debug|x86.ActiveCfg = Debug|Win32
		{CC419B99-8380-40EE-93AF-0B8A5C72B6DF}.Debug|x86.Build.0 = Debug|Win32
		{CC419B99-8380-40EE-93AF-0B8A5C72B6DF}.Release|x64.ActiveCfg = Release|x64
		{CC419B99-8380-40EE-93AF-0B8A5C72B6DF}.Release|x64.Build.0 = Release|x64
		{CC419B99-8380-40EE-93AF-0B8A5C72B6DF}.Release|x86.ActiveCfg = Release|Win32
		{CC419B99-8380-40EE-93AF-0B8A5C72B6DF}.Release|x86.Build.0 = Release|Win32
	EndGlobalSection
	GlobalSection(SolutionProperties) = preSolution
		HideSolutionNode = FALSE
	EndGlobalSection
	GlobalSection(ExtensibilityGlobals) = postSolution
		SolutionGuid = {C59B6502-F8A4-439B-8DB1-4803F30E9B23}
	EndGlobalSection
EndGlobal
