
Microsoft Visual Studio Solution File, Format Version 12.00
# Visual Studio 15
VisualStudioVersion = 15.0.28307.106
MinimumVisualStudioVersion = 10.0.40219.1
Project("{8BC9CEB8-8B4A-11D0-8D11-00A0C91BC942}") = "NEESAN", "NEESAN\NEESAN.vcxproj", "{6AF48806-B18F-468F-AF8D-7F1799894283}"
EndProject
Global
	GlobalSection(SolutionConfigurationPlatforms) = preSolution
		Debug|x64 = Debug|x64
		Debug|x86 = Debug|x86
		Release|x64 = Release|x64
		Release|x86 = Release|x86
	EndGlobalSection
	GlobalSection(ProjectConfigurationPlatforms) = postSolution
		{6AF48806-B18F-468F-AF8D-7F1799894283}.Debug|x64.ActiveCfg = Debug|x64
		{6AF48806-B18F-468F-AF8D-7F1799894283}.Debug|x64.Build.0 = Debug|x64
		{6AF48806-B18F-468F-AF8D-7F1799894283}.Debug|x86.ActiveCfg = Debug|Win32
		{6AF48806-B18F-468F-AF8D-7F1799894283}.Debug|x86.Build.0 = Debug|Win32
		{6AF48806-B18F-468F-AF8D-7F1799894283}.Release|x64.ActiveCfg = Release|x64
		{6AF48806-B18F-468F-AF8D-7F1799894283}.Release|x64.Build.0 = Release|x64
		{6AF48806-B18F-468F-AF8D-7F1799894283}.Release|x86.ActiveCfg = Release|Win32
		{6AF48806-B18F-468F-AF8D-7F1799894283}.Release|x86.Build.0 = Release|Win32
	EndGlobalSection
	GlobalSection(SolutionProperties) = preSolution
		HideSolutionNode = FALSE
	EndGlobalSection
	GlobalSection(ExtensibilityGlobals) = postSolution
		SolutionGuid = {D0822DD3-FA9A-4BEC-857B-244442CE0113}
	EndGlobalSection
EndGlobal
